
Microsoft Visual Studio Solution File, Format Version 12.00
# Visual Studio Version 17
VisualStudioVersion = 17.3.32825.248
MinimumVisualStudioVersion = 10.0.40219.1
Project("{9A19103F-16F7-4668-BE54-9A1E7A4F7556}") = "SE1634_Group6_A2", "SE1634_Group6_A2.csproj", "{53F3285F-6676-4E44-8BF0-176DAE3CED39}"
EndProject
Global
	GlobalSection(SolutionConfigurationPlatforms) = preSolution
		Debug|Any CPU = Debug|Any CPU
		Release|Any CPU = Release|Any CPU
	EndGlobalSection
	GlobalSection(ProjectConfigurationPlatforms) = postSolution
		{53F3285F-6676-4E44-8BF0-176DAE3CED39}.Debug|Any CPU.ActiveCfg = Debug|Any CPU
		{53F3285F-6676-4E44-8BF0-176DAE3CED39}.Debug|Any CPU.Build.0 = Debug|Any CPU
		{53F3285F-6676-4E44-8BF0-176DAE3CED39}.Release|Any CPU.ActiveCfg = Release|Any CPU
		{53F3285F-6676-4E44-8BF0-176DAE3CED39}.Release|Any CPU.Build.0 = Release|Any CPU
	EndGlobalSection
	GlobalSection(SolutionProperties) = preSolution
		HideSolutionNode = FALSE
	EndGlobalSection
	GlobalSection(ExtensibilityGlobals) = postSolution
		SolutionGuid = {CE5458D2-62B2-405B-91B5-900BA0B0356D}
	EndGlobalSection
EndGlobal
